// !$*UTF8*$!
{
	archiveVersion = 1;
	classes = {
	};
	objectVersion = 48;
	objects = {

/* Begin PBXBuildFile section */
		2ECC62947C6D486DCF1C22BF /* Pods_ToPlayList.framework in Frameworks */ = {isa = PBXBuildFile; fileRef = CE1015AB877BDCDC510C82BC /* Pods_ToPlayList.framework */; };
		776B411A9B30AAD0B34C82CC /* Pods_ToPlayListUnitTests.framework in Frameworks */ = {isa = PBXBuildFile; fileRef = 1DA6F271D10ACDF634516C75 /* Pods_ToPlayListUnitTests.framework */; };
		D705605A1F33473700AD64CF /* Lists.swift in Sources */ = {isa = PBXBuildFile; fileRef = D70560591F33473700AD64CF /* Lists.swift */; };
		D709009A1EC5B80600A316BE /* SearchVC.swift in Sources */ = {isa = PBXBuildFile; fileRef = D70900991EC5B80600A316BE /* SearchVC.swift */; };
		D709009D1EC5B89D00A316BE /* SearchCell.swift in Sources */ = {isa = PBXBuildFile; fileRef = D709009C1EC5B89D00A316BE /* SearchCell.swift */; };
		D70B03231E0C1F9500F67E7A /* IGDB.swift in Sources */ = {isa = PBXBuildFile; fileRef = D70B03221E0C1F9500F67E7A /* IGDB.swift */; };
		D70DC3171E803E430080DBAA /* Register.swift in Sources */ = {isa = PBXBuildFile; fileRef = D70DC3161E803E430080DBAA /* Register.swift */; };
		D70DC31F1E8048DA0080DBAA /* Lists.swift in Sources */ = {isa = PBXBuildFile; fileRef = D70DC31E1E8048DA0080DBAA /* Lists.swift */; };
		D70F727D1F2375A400E14A2C /* NewestReleases.swift in Sources */ = {isa = PBXBuildFile; fileRef = D70F727C1F2375A400E14A2C /* NewestReleases.swift */; };
		D71449D61E81214900C6A96D /* Services.swift in Sources */ = {isa = PBXBuildFile; fileRef = D71449D51E81214900C6A96D /* Services.swift */; };
		D71981151E264D31005823C2 /* ListLoginNavigationVC.swift in Sources */ = {isa = PBXBuildFile; fileRef = D71981141E264D31005823C2 /* ListLoginNavigationVC.swift */; };
		D71981171E26A2A5005823C2 /* UpcomingReleasesVC.swift in Sources */ = {isa = PBXBuildFile; fileRef = D71981161E26A2A5005823C2 /* UpcomingReleasesVC.swift */; };
		D71981191E26A337005823C2 /* LoginVC.swift in Sources */ = {isa = PBXBuildFile; fileRef = D71981181E26A337005823C2 /* LoginVC.swift */; };
		D719811B1E26A389005823C2 /* ListVC.swift in Sources */ = {isa = PBXBuildFile; fileRef = D719811A1E26A389005823C2 /* ListVC.swift */; };
		D71981221E26F1D3005823C2 /* ListImageView.swift in Sources */ = {isa = PBXBuildFile; fileRef = D71981211E26F1D3005823C2 /* ListImageView.swift */; };
		D71981261E26F253005823C2 /* Bordered.swift in Sources */ = {isa = PBXBuildFile; fileRef = D71981251E26F253005823C2 /* Bordered.swift */; };
		D719812A1E26F7AC005823C2 /* ColoredPlaceholderText.swift in Sources */ = {isa = PBXBuildFile; fileRef = D71981291E26F7AC005823C2 /* ColoredPlaceholderText.swift */; };
		D719812C1E26F89A005823C2 /* LoginScene.swift in Sources */ = {isa = PBXBuildFile; fileRef = D719812B1E26F89A005823C2 /* LoginScene.swift */; };
		D71E51571E257BF100C7F920 /* GameDetailsVC.swift in Sources */ = {isa = PBXBuildFile; fileRef = D71E51561E257BF100C7F920 /* GameDetailsVC.swift */; };
		D722B5441F34701B00B364F8 /* ForgotPasswordVC.swift in Sources */ = {isa = PBXBuildFile; fileRef = D722B5431F34701B00B364F8 /* ForgotPasswordVC.swift */; };
		D72676551EB50E7C004DC2E1 /* BadgeLabel.swift in Sources */ = {isa = PBXBuildFile; fileRef = D72676541EB50E7C004DC2E1 /* BadgeLabel.swift */; };
		D726BC861E0ABDD800D6C9CD /* AppDelegate.swift in Sources */ = {isa = PBXBuildFile; fileRef = D726BC851E0ABDD800D6C9CD /* AppDelegate.swift */; };
		D726BC881E0ABDD800D6C9CD /* NewestReleasesVC.swift in Sources */ = {isa = PBXBuildFile; fileRef = D726BC871E0ABDD800D6C9CD /* NewestReleasesVC.swift */; };
		D726BC8B1E0ABDD800D6C9CD /* Main.storyboard in Resources */ = {isa = PBXBuildFile; fileRef = D726BC891E0ABDD800D6C9CD /* Main.storyboard */; };
		D726BC901E0ABDD800D6C9CD /* LaunchScreen.storyboard in Resources */ = {isa = PBXBuildFile; fileRef = D726BC8E1E0ABDD800D6C9CD /* LaunchScreen.storyboard */; };
		D726BC9D1E0ACF3900D6C9CD /* Game.swift in Sources */ = {isa = PBXBuildFile; fileRef = D726BC9C1E0ACF3900D6C9CD /* Game.swift */; };
		D726D51B1E5A45870045AE8C /* List.swift in Sources */ = {isa = PBXBuildFile; fileRef = D726D51A1E5A45870045AE8C /* List.swift */; };
		D727AFE41E9B7ACF00E1C93F /* ToPlayAndPlayedListListeners.swift in Sources */ = {isa = PBXBuildFile; fileRef = D727AFE31E9B7ACF00E1C93F /* ToPlayAndPlayedListListeners.swift */; };
		D72A619B1F20FBA400D9F5BA /* GoogleService-Info.plist in Resources */ = {isa = PBXBuildFile; fileRef = D78D87C81F20D51500C28C4E /* GoogleService-Info.plist */; };
		D72A619C1F20FBA500D9F5BA /* GoogleService-Info.plist in Resources */ = {isa = PBXBuildFile; fileRef = D78D87C81F20D51500C28C4E /* GoogleService-Info.plist */; };
		D72D4CA61E1479EC0070E013 /* IGDBJSON.swift in Sources */ = {isa = PBXBuildFile; fileRef = D72D4CA51E1479EC0070E013 /* IGDBJSON.swift */; };
		D72E66B71E619D0800BED388 /* ToPlayListVC.swift in Sources */ = {isa = PBXBuildFile; fileRef = D72E66B61E619D0800BED388 /* ToPlayListVC.swift */; };
		D72E66BA1E619D2100BED388 /* PlayedListVC.swift in Sources */ = {isa = PBXBuildFile; fileRef = D72E66B91E619D2100BED388 /* PlayedListVC.swift */; };
		D74AC7DA1E3919B700C37A90 /* RegisterVC.swift in Sources */ = {isa = PBXBuildFile; fileRef = D74AC7D91E3919B700C37A90 /* RegisterVC.swift */; };
		D75150281E34BB9F00EDA802 /* MainTabVC.swift in Sources */ = {isa = PBXBuildFile; fileRef = D75150271E34BB9F00EDA802 /* MainTabVC.swift */; };
		D75F4EA21E643A9E00CB2875 /* DropShadowed.swift in Sources */ = {isa = PBXBuildFile; fileRef = D75F4EA11E643A9E00CB2875 /* DropShadowed.swift */; };
		D760344F1F17A5B600D71240 /* IGDBKeys.swift in Sources */ = {isa = PBXBuildFile; fileRef = D760344E1F17A5B600D71240 /* IGDBKeys.swift */; };
		D76437E11E1E4E7300B09C7E /* slkscr.ttf in Resources */ = {isa = PBXBuildFile; fileRef = D76437E01E1E4E7300B09C7E /* slkscr.ttf */; };
		D76437E41E1E506D00B09C7E /* HeaderView.swift in Sources */ = {isa = PBXBuildFile; fileRef = D76437E21E1E506D00B09C7E /* HeaderView.swift */; };
		D76437E51E1E506D00B09C7E /* HeaderView.xib in Resources */ = {isa = PBXBuildFile; fileRef = D76437E31E1E506D00B09C7E /* HeaderView.xib */; };
		D76606FD1E13123400D5979C /* RoundedCorners.swift in Sources */ = {isa = PBXBuildFile; fileRef = D76606FC1E13123400D5979C /* RoundedCorners.swift */; };
		D76B47FD1E197CCD00D18DDF /* GameIDs.swift in Sources */ = {isa = PBXBuildFile; fileRef = D76B47FC1E197CCD00D18DDF /* GameIDs.swift */; };
		D77F504B1ED6186D00B40D0C /* ImageCarouselVC.swift in Sources */ = {isa = PBXBuildFile; fileRef = D77F504A1ED6186D00B40D0C /* ImageCarouselVC.swift */; };
		D77F504E1ED6191000B40D0C /* ImageCarouselCell.swift in Sources */ = {isa = PBXBuildFile; fileRef = D77F504D1ED6191000B40D0C /* ImageCarouselCell.swift */; };
		D7875F541E982F7E003C51ED /* Gradiented.swift in Sources */ = {isa = PBXBuildFile; fileRef = D7875F531E982F7E003C51ED /* Gradiented.swift */; };
		D7898E7B1E131992008B7647 /* ReusableView.swift in Sources */ = {isa = PBXBuildFile; fileRef = D7898E7A1E131992008B7647 /* ReusableView.swift */; };
		D78ADCA61E3750EB008DE943 /* Lists.swift in Sources */ = {isa = PBXBuildFile; fileRef = D78ADCA51E3750EB008DE943 /* Lists.swift */; };
		D78B86731E38BC6200F1EA7C /* ListCollectionViewCell.swift in Sources */ = {isa = PBXBuildFile; fileRef = D78B86721E38BC6200F1EA7C /* ListCollectionViewCell.swift */; };
		D78C0E291E1465440088560F /* Identifiable.swift in Sources */ = {isa = PBXBuildFile; fileRef = D78C0E281E1465440088560F /* Identifiable.swift */; };
		D78D87C71F20D2CA00C28C4E /* ReleasesCell.swift in Sources */ = {isa = PBXBuildFile; fileRef = D78D87C51F20D2CA00C28C4E /* ReleasesCell.swift */; };
		D78D87C91F20D51500C28C4E /* GoogleService-Info.plist in Resources */ = {isa = PBXBuildFile; fileRef = D78D87C81F20D51500C28C4E /* GoogleService-Info.plist */; };
		D78EA56C1EBC8E4C00CDB70E /* BadgeVC.swift in Sources */ = {isa = PBXBuildFile; fileRef = D78EA56B1EBC8E4C00CDB70E /* BadgeVC.swift */; };
		D795B00D1E1DB3D700776670 /* GameSection.swift in Sources */ = {isa = PBXBuildFile; fileRef = D795B00C1E1DB3D700776670 /* GameSection.swift */; };
		D795B0101E1DBA5700776670 /* Dates.swift in Sources */ = {isa = PBXBuildFile; fileRef = D795B00F1E1DBA5700776670 /* Dates.swift */; };
		D7975D081E586255003B64E6 /* ErrorHandlerDelegate.swift in Sources */ = {isa = PBXBuildFile; fileRef = D7975D071E586255003B64E6 /* ErrorHandlerDelegate.swift */; };
		D79C10EE1F23712C007A235B /* UpcomingReleases.swift in Sources */ = {isa = PBXBuildFile; fileRef = D79C10ED1F23712C007A235B /* UpcomingReleases.swift */; };
		D7A0E6FD1E7BDDCD00A70989 /* ToPlayListCell.swift in Sources */ = {isa = PBXBuildFile; fileRef = D7A0E6FC1E7BDDCD00A70989 /* ToPlayListCell.swift */; };
		D7A0E6FF1E7BDDDC00A70989 /* PlayedListCell.swift in Sources */ = {isa = PBXBuildFile; fileRef = D7A0E6FE1E7BDDDC00A70989 /* PlayedListCell.swift */; };
		D7A0E7011E7BE82800A70989 /* OnPanDelegate.swift in Sources */ = {isa = PBXBuildFile; fileRef = D7A0E7001E7BE82800A70989 /* OnPanDelegate.swift */; };
		D7A0E7031E7BEA8A00A70989 /* SubListVC.swift in Sources */ = {isa = PBXBuildFile; fileRef = D7A0E7021E7BEA8A00A70989 /* SubListVC.swift */; };
		D7A6F04E1E65CD2900ED66E5 /* LoadingAnimationDelegate.swift in Sources */ = {isa = PBXBuildFile; fileRef = D7A6F04D1E65CD2900ED66E5 /* LoadingAnimationDelegate.swift */; };
		D7B8C86B1E2D16C700656E64 /* ErrorMessage.swift in Sources */ = {isa = PBXBuildFile; fileRef = D7B8C86A1E2D16C700656E64 /* ErrorMessage.swift */; };
		D7B8C86D1E2D16F100656E64 /* ErrorMessage.xib in Resources */ = {isa = PBXBuildFile; fileRef = D7B8C86C1E2D16F100656E64 /* ErrorMessage.xib */; };
		D7BC469B1F2CB085007F05DB /* SearchIconVC.swift in Sources */ = {isa = PBXBuildFile; fileRef = D7BC469A1F2CB085007F05DB /* SearchIconVC.swift */; };
		D7C0F9471F26148C00556AA8 /* ToPlayListNotificationSystem.swift in Sources */ = {isa = PBXBuildFile; fileRef = D7C0F9461F26148B00556AA8 /* ToPlayListNotificationSystem.swift */; };
		D7C0F9491F2A285200556AA8 /* OutTodayBadge.swift in Sources */ = {isa = PBXBuildFile; fileRef = D7C0F9481F2A285100556AA8 /* OutTodayBadge.swift */; };
		D7C3A1701E0DA2DF0091279C /* GameProperties.swift in Sources */ = {isa = PBXBuildFile; fileRef = D7C3A16F1E0DA2DF0091279C /* GameProperties.swift */; };
		D7C3A1721E0DD9120091279C /* Assets.xcassets in Resources */ = {isa = PBXBuildFile; fileRef = D7C3A1711E0DD9120091279C /* Assets.xcassets */; };
		D7CC7D0E1E3913E60027BE6F /* RegisterLoginVC.swift in Sources */ = {isa = PBXBuildFile; fileRef = D7CC7D0D1E3913E60027BE6F /* RegisterLoginVC.swift */; };
		D7D0BCBF1F1B63FC00C2B071 /* ReleaseDate.swift in Sources */ = {isa = PBXBuildFile; fileRef = D7D0BCBE1F1B63FC00C2B071 /* ReleaseDate.swift */; };
		D7D0BCC11F1B8AF000C2B071 /* ReleaseDateVC.swift in Sources */ = {isa = PBXBuildFile; fileRef = D7D0BCC01F1B8AF000C2B071 /* ReleaseDateVC.swift */; };
		D7D0BCC31F1B8CF900C2B071 /* ReleaseDateCell.swift in Sources */ = {isa = PBXBuildFile; fileRef = D7D0BCC21F1B8CF900C2B071 /* ReleaseDateCell.swift */; };
		D7D0BCC51F1F880A00C2B071 /* RecentSearchesVC.swift in Sources */ = {isa = PBXBuildFile; fileRef = D7D0BCC41F1F880800C2B071 /* RecentSearchesVC.swift */; };
		D7DA82D21E93C6C500F9205E /* DetailsImages.swift in Sources */ = {isa = PBXBuildFile; fileRef = D7DA82D11E93C6C500F9205E /* DetailsImages.swift */; };
		D7DA82D41E93CAB200F9205E /* Blurred.swift in Sources */ = {isa = PBXBuildFile; fileRef = D7DA82D31E93CAB200F9205E /* Blurred.swift */; };
		D7E1AEEB1EC1CECF00661D67 /* DidSetSizeDelegates.swift in Sources */ = {isa = PBXBuildFile; fileRef = D7E1AEEA1EC1CECF00661D67 /* DidSetSizeDelegates.swift */; };
		D7E1D63B1E37A162000F343A /* EndPoints.swift in Sources */ = {isa = PBXBuildFile; fileRef = D7E1D63A1E37A162000F343A /* EndPoints.swift */; };
		D7E2124A1E99389000D7F455 /* ReadMoreLabel.swift in Sources */ = {isa = PBXBuildFile; fileRef = D7E212491E99389000D7F455 /* ReadMoreLabel.swift */; };
		D7E5AA881E2AD51A00EA1456 /* TextFieldMargin.swift in Sources */ = {isa = PBXBuildFile; fileRef = D7E5AA871E2AD51A00EA1456 /* TextFieldMargin.swift */; };
		D7E5AA8A1E2AD60300EA1456 /* CustomClearButton.swift in Sources */ = {isa = PBXBuildFile; fileRef = D7E5AA891E2AD60300EA1456 /* CustomClearButton.swift */; };
		D7EABAB71F384EF60009C5EA /* UserNotVerifiedVC.swift in Sources */ = {isa = PBXBuildFile; fileRef = D7EABAB61F384EF60009C5EA /* UserNotVerifiedVC.swift */; };
		D7EF927F1F43371100485FC4 /* NavigationControllerWithCustomBackGestureDelegate.swift in Sources */ = {isa = PBXBuildFile; fileRef = D7EF927E1F43371100485FC4 /* NavigationControllerWithCustomBackGestureDelegate.swift */; };
		D7F131951E2BE242004D1704 /* IdentifiableVC.swift in Sources */ = {isa = PBXBuildFile; fileRef = D7F131941E2BE242004D1704 /* IdentifiableVC.swift */; };
		D7F1B4C91E8A93A4006F3FA1 /* RegisterLoginHelper.swift in Sources */ = {isa = PBXBuildFile; fileRef = D7F1B4C81E8A93A4006F3FA1 /* RegisterLoginHelper.swift */; };
		D7F1B4CB1E8A93B4006F3FA1 /* Login.swift in Sources */ = {isa = PBXBuildFile; fileRef = D7F1B4CA1E8A93B4006F3FA1 /* Login.swift */; };
		D7FADEF51EC09D4B0006B4E4 /* BadgeCell.swift in Sources */ = {isa = PBXBuildFile; fileRef = D7FADEF41EC09D4B0006B4E4 /* BadgeCell.swift */; };
		D7FDC0991E34CCF8005FB1CF /* Alerts.swift in Sources */ = {isa = PBXBuildFile; fileRef = D7FDC0981E34CCF8005FB1CF /* Alerts.swift */; };
		D7FE54EF1F20CBA700F2E566 /* ReleasesVC.swift in Sources */ = {isa = PBXBuildFile; fileRef = D7FE54EE1F20CBA700F2E566 /* ReleasesVC.swift */; };
/* End PBXBuildFile section */

/* Begin PBXContainerItemProxy section */
		D70DC3211E8048DA0080DBAA /* PBXContainerItemProxy */ = {
			isa = PBXContainerItemProxy;
			containerPortal = D726BC7A1E0ABDD800D6C9CD /* Project object */;
			proxyType = 1;
			remoteGlobalIDString = D726BC811E0ABDD800D6C9CD;
			remoteInfo = ToPlayList;
		};
		D75A41181E241FC600E91514 /* PBXContainerItemProxy */ = {
			isa = PBXContainerItemProxy;
			containerPortal = D726BC7A1E0ABDD800D6C9CD /* Project object */;
			proxyType = 1;
			remoteGlobalIDString = D726BC811E0ABDD800D6C9CD;
			remoteInfo = ToPlayList;
		};
/* End PBXContainerItemProxy section */

/* Begin PBXFileReference section */
		1DA6F271D10ACDF634516C75 /* Pods_ToPlayListUnitTests.framework */ = {isa = PBXFileReference; explicitFileType = wrapper.framework; includeInIndex = 0; path = Pods_ToPlayListUnitTests.framework; sourceTree = BUILT_PRODUCTS_DIR; };
		3B9447719F1960C6A0B1D4F2 /* Pods-ToPlayList.debug.xcconfig */ = {isa = PBXFileReference; includeInIndex = 1; lastKnownFileType = text.xcconfig; name = "Pods-ToPlayList.debug.xcconfig"; path = "Pods/Target Support Files/Pods-ToPlayList/Pods-ToPlayList.debug.xcconfig"; sourceTree = "<group>"; };
		56AD1F62056EF3A7842609AC /* Pods-ToPlayListUnitTests.debug.xcconfig */ = {isa = PBXFileReference; includeInIndex = 1; lastKnownFileType = text.xcconfig; name = "Pods-ToPlayListUnitTests.debug.xcconfig"; path = "Pods/Target Support Files/Pods-ToPlayListUnitTests/Pods-ToPlayListUnitTests.debug.xcconfig"; sourceTree = "<group>"; };
		6145022A2978B0561A8DA46B /* Pods-ToPlayList-ToPlayListUnitTests.release.xcconfig */ = {isa = PBXFileReference; includeInIndex = 1; lastKnownFileType = text.xcconfig; name = "Pods-ToPlayList-ToPlayListUnitTests.release.xcconfig"; path = "Pods/Target Support Files/Pods-ToPlayList-ToPlayListUnitTests/Pods-ToPlayList-ToPlayListUnitTests.release.xcconfig"; sourceTree = "<group>"; };
		705E9608BAAFE73EB2D2C1A0 /* Pods-ToPlayList.release.xcconfig */ = {isa = PBXFileReference; includeInIndex = 1; lastKnownFileType = text.xcconfig; name = "Pods-ToPlayList.release.xcconfig"; path = "Pods/Target Support Files/Pods-ToPlayList/Pods-ToPlayList.release.xcconfig"; sourceTree = "<group>"; };
		B84B20D64D553B9B36723B6B /* Pods-ToPlayList-ToPlayListUnitTests.debug.xcconfig */ = {isa = PBXFileReference; includeInIndex = 1; lastKnownFileType = text.xcconfig; name = "Pods-ToPlayList-ToPlayListUnitTests.debug.xcconfig"; path = "Pods/Target Support Files/Pods-ToPlayList-ToPlayListUnitTests/Pods-ToPlayList-ToPlayListUnitTests.debug.xcconfig"; sourceTree = "<group>"; };
		BC37B2FC211DCF9DE8B1AAC2 /* Pods-ToPlayListUnitTests.release.xcconfig */ = {isa = PBXFileReference; includeInIndex = 1; lastKnownFileType = text.xcconfig; name = "Pods-ToPlayListUnitTests.release.xcconfig"; path = "Pods/Target Support Files/Pods-ToPlayListUnitTests/Pods-ToPlayListUnitTests.release.xcconfig"; sourceTree = "<group>"; };
		CE1015AB877BDCDC510C82BC /* Pods_ToPlayList.framework */ = {isa = PBXFileReference; explicitFileType = wrapper.framework; includeInIndex = 0; path = Pods_ToPlayList.framework; sourceTree = BUILT_PRODUCTS_DIR; };
		D70560591F33473700AD64CF /* Lists.swift */ = {isa = PBXFileReference; fileEncoding = 4; lastKnownFileType = sourcecode.swift; path = Lists.swift; sourceTree = "<group>"; };
		D70900991EC5B80600A316BE /* SearchVC.swift */ = {isa = PBXFileReference; fileEncoding = 4; lastKnownFileType = sourcecode.swift; path = SearchVC.swift; sourceTree = "<group>"; };
		D709009C1EC5B89D00A316BE /* SearchCell.swift */ = {isa = PBXFileReference; fileEncoding = 4; lastKnownFileType = sourcecode.swift; path = SearchCell.swift; sourceTree = "<group>"; };
		D70B03221E0C1F9500F67E7A /* IGDB.swift */ = {isa = PBXFileReference; fileEncoding = 4; lastKnownFileType = sourcecode.swift; path = IGDB.swift; sourceTree = "<group>"; };
		D70DC3161E803E430080DBAA /* Register.swift */ = {isa = PBXFileReference; fileEncoding = 4; lastKnownFileType = sourcecode.swift; path = Register.swift; sourceTree = "<group>"; };
		D70DC31C1E8048DA0080DBAA /* ToPlayListUITests.xctest */ = {isa = PBXFileReference; explicitFileType = wrapper.cfbundle; includeInIndex = 0; path = ToPlayListUITests.xctest; sourceTree = BUILT_PRODUCTS_DIR; };
		D70DC31E1E8048DA0080DBAA /* Lists.swift */ = {isa = PBXFileReference; lastKnownFileType = sourcecode.swift; path = Lists.swift; sourceTree = "<group>"; };
		D70DC3201E8048DA0080DBAA /* Info.plist */ = {isa = PBXFileReference; lastKnownFileType = text.plist.xml; path = Info.plist; sourceTree = "<group>"; };
		D70F727C1F2375A400E14A2C /* NewestReleases.swift */ = {isa = PBXFileReference; fileEncoding = 4; lastKnownFileType = sourcecode.swift; path = NewestReleases.swift; sourceTree = "<group>"; };
		D71449D51E81214900C6A96D /* Services.swift */ = {isa = PBXFileReference; fileEncoding = 4; lastKnownFileType = sourcecode.swift; path = Services.swift; sourceTree = "<group>"; };
		D71981141E264D31005823C2 /* ListLoginNavigationVC.swift */ = {isa = PBXFileReference; fileEncoding = 4; lastKnownFileType = sourcecode.swift; path = ListLoginNavigationVC.swift; sourceTree = "<group>"; };
		D71981161E26A2A5005823C2 /* UpcomingReleasesVC.swift */ = {isa = PBXFileReference; fileEncoding = 4; lastKnownFileType = sourcecode.swift; path = UpcomingReleasesVC.swift; sourceTree = "<group>"; };
		D71981181E26A337005823C2 /* LoginVC.swift */ = {isa = PBXFileReference; fileEncoding = 4; lastKnownFileType = sourcecode.swift; path = LoginVC.swift; sourceTree = "<group>"; };
		D719811A1E26A389005823C2 /* ListVC.swift */ = {isa = PBXFileReference; fileEncoding = 4; lastKnownFileType = sourcecode.swift; path = ListVC.swift; sourceTree = "<group>"; };
		D71981211E26F1D3005823C2 /* ListImageView.swift */ = {isa = PBXFileReference; fileEncoding = 4; lastKnownFileType = sourcecode.swift; path = ListImageView.swift; sourceTree = "<group>"; };
		D71981251E26F253005823C2 /* Bordered.swift */ = {isa = PBXFileReference; fileEncoding = 4; lastKnownFileType = sourcecode.swift; path = Bordered.swift; sourceTree = "<group>"; };
		D71981291E26F7AC005823C2 /* ColoredPlaceholderText.swift */ = {isa = PBXFileReference; fileEncoding = 4; lastKnownFileType = sourcecode.swift; path = ColoredPlaceholderText.swift; sourceTree = "<group>"; };
		D719812B1E26F89A005823C2 /* LoginScene.swift */ = {isa = PBXFileReference; fileEncoding = 4; lastKnownFileType = sourcecode.swift; path = LoginScene.swift; sourceTree = "<group>"; };
		D71E51561E257BF100C7F920 /* GameDetailsVC.swift */ = {isa = PBXFileReference; fileEncoding = 4; lastKnownFileType = sourcecode.swift; path = GameDetailsVC.swift; sourceTree = "<group>"; };
		D722B5431F34701B00B364F8 /* ForgotPasswordVC.swift */ = {isa = PBXFileReference; fileEncoding = 4; lastKnownFileType = sourcecode.swift; path = ForgotPasswordVC.swift; sourceTree = "<group>"; };
		D72676541EB50E7C004DC2E1 /* BadgeLabel.swift */ = {isa = PBXFileReference; fileEncoding = 4; lastKnownFileType = sourcecode.swift; path = BadgeLabel.swift; sourceTree = "<group>"; };
		D726BC821E0ABDD800D6C9CD /* ToPlayList.app */ = {isa = PBXFileReference; explicitFileType = wrapper.application; includeInIndex = 0; path = ToPlayList.app; sourceTree = BUILT_PRODUCTS_DIR; };
		D726BC851E0ABDD800D6C9CD /* AppDelegate.swift */ = {isa = PBXFileReference; lastKnownFileType = sourcecode.swift; path = AppDelegate.swift; sourceTree = "<group>"; };
		D726BC871E0ABDD800D6C9CD /* NewestReleasesVC.swift */ = {isa = PBXFileReference; lastKnownFileType = sourcecode.swift; path = NewestReleasesVC.swift; sourceTree = "<group>"; };
		D726BC8A1E0ABDD800D6C9CD /* Base */ = {isa = PBXFileReference; lastKnownFileType = file.storyboard; name = Base; path = Base.lproj/Main.storyboard; sourceTree = "<group>"; };
		D726BC8F1E0ABDD800D6C9CD /* Base */ = {isa = PBXFileReference; lastKnownFileType = file.storyboard; name = Base; path = Base.lproj/LaunchScreen.storyboard; sourceTree = "<group>"; };
		D726BC911E0ABDD800D6C9CD /* Info.plist */ = {isa = PBXFileReference; lastKnownFileType = text.plist.xml; path = Info.plist; sourceTree = "<group>"; };
		D726BC9C1E0ACF3900D6C9CD /* Game.swift */ = {isa = PBXFileReference; fileEncoding = 4; lastKnownFileType = sourcecode.swift; path = Game.swift; sourceTree = "<group>"; };
		D726D51A1E5A45870045AE8C /* List.swift */ = {isa = PBXFileReference; fileEncoding = 4; lastKnownFileType = sourcecode.swift; path = List.swift; sourceTree = "<group>"; };
		D727AFE31E9B7ACF00E1C93F /* ToPlayAndPlayedListListeners.swift */ = {isa = PBXFileReference; fileEncoding = 4; lastKnownFileType = sourcecode.swift; path = ToPlayAndPlayedListListeners.swift; sourceTree = "<group>"; };
		D72D4CA51E1479EC0070E013 /* IGDBJSON.swift */ = {isa = PBXFileReference; fileEncoding = 4; lastKnownFileType = sourcecode.swift; path = IGDBJSON.swift; sourceTree = "<group>"; };
		D72E66B61E619D0800BED388 /* ToPlayListVC.swift */ = {isa = PBXFileReference; fileEncoding = 4; lastKnownFileType = sourcecode.swift; path = ToPlayListVC.swift; sourceTree = "<group>"; };
		D72E66B91E619D2100BED388 /* PlayedListVC.swift */ = {isa = PBXFileReference; fileEncoding = 4; lastKnownFileType = sourcecode.swift; path = PlayedListVC.swift; sourceTree = "<group>"; };
		D74AC7D91E3919B700C37A90 /* RegisterVC.swift */ = {isa = PBXFileReference; fileEncoding = 4; lastKnownFileType = sourcecode.swift; path = RegisterVC.swift; sourceTree = "<group>"; };
		D75150271E34BB9F00EDA802 /* MainTabVC.swift */ = {isa = PBXFileReference; fileEncoding = 4; lastKnownFileType = sourcecode.swift; path = MainTabVC.swift; sourceTree = "<group>"; };
		D75A41131E241FC600E91514 /* ToPlayListUnitTests.xctest */ = {isa = PBXFileReference; explicitFileType = wrapper.cfbundle; includeInIndex = 0; path = ToPlayListUnitTests.xctest; sourceTree = BUILT_PRODUCTS_DIR; };
		D75F4EA11E643A9E00CB2875 /* DropShadowed.swift */ = {isa = PBXFileReference; fileEncoding = 4; lastKnownFileType = sourcecode.swift; path = DropShadowed.swift; sourceTree = "<group>"; };
		D760344E1F17A5B600D71240 /* IGDBKeys.swift */ = {isa = PBXFileReference; fileEncoding = 4; lastKnownFileType = sourcecode.swift; path = IGDBKeys.swift; sourceTree = "<group>"; };
		D76437E01E1E4E7300B09C7E /* slkscr.ttf */ = {isa = PBXFileReference; lastKnownFileType = file; path = slkscr.ttf; sourceTree = "<group>"; };
		D76437E21E1E506D00B09C7E /* HeaderView.swift */ = {isa = PBXFileReference; fileEncoding = 4; lastKnownFileType = sourcecode.swift; path = HeaderView.swift; sourceTree = "<group>"; };
		D76437E31E1E506D00B09C7E /* HeaderView.xib */ = {isa = PBXFileReference; fileEncoding = 4; lastKnownFileType = file.xib; path = HeaderView.xib; sourceTree = "<group>"; };
		D76606FC1E13123400D5979C /* RoundedCorners.swift */ = {isa = PBXFileReference; fileEncoding = 4; lastKnownFileType = sourcecode.swift; path = RoundedCorners.swift; sourceTree = "<group>"; };
		D76B47FC1E197CCD00D18DDF /* GameIDs.swift */ = {isa = PBXFileReference; fileEncoding = 4; lastKnownFileType = sourcecode.swift; path = GameIDs.swift; sourceTree = "<group>"; };
		D77F504A1ED6186D00B40D0C /* ImageCarouselVC.swift */ = {isa = PBXFileReference; fileEncoding = 4; lastKnownFileType = sourcecode.swift; path = ImageCarouselVC.swift; sourceTree = "<group>"; };
		D77F504D1ED6191000B40D0C /* ImageCarouselCell.swift */ = {isa = PBXFileReference; fileEncoding = 4; lastKnownFileType = sourcecode.swift; path = ImageCarouselCell.swift; sourceTree = "<group>"; };
		D7875F531E982F7E003C51ED /* Gradiented.swift */ = {isa = PBXFileReference; fileEncoding = 4; lastKnownFileType = sourcecode.swift; path = Gradiented.swift; sourceTree = "<group>"; };
		D7898E7A1E131992008B7647 /* ReusableView.swift */ = {isa = PBXFileReference; fileEncoding = 4; lastKnownFileType = sourcecode.swift; path = ReusableView.swift; sourceTree = "<group>"; };
		D78ADCA51E3750EB008DE943 /* Lists.swift */ = {isa = PBXFileReference; fileEncoding = 4; lastKnownFileType = sourcecode.swift; path = Lists.swift; sourceTree = "<group>"; };
		D78B86721E38BC6200F1EA7C /* ListCollectionViewCell.swift */ = {isa = PBXFileReference; fileEncoding = 4; lastKnownFileType = sourcecode.swift; path = ListCollectionViewCell.swift; sourceTree = "<group>"; };
		D78C0E281E1465440088560F /* Identifiable.swift */ = {isa = PBXFileReference; fileEncoding = 4; lastKnownFileType = sourcecode.swift; path = Identifiable.swift; sourceTree = "<group>"; };
		D78D87C51F20D2CA00C28C4E /* ReleasesCell.swift */ = {isa = PBXFileReference; fileEncoding = 4; lastKnownFileType = sourcecode.swift; path = ReleasesCell.swift; sourceTree = "<group>"; };
		D78D87C81F20D51500C28C4E /* GoogleService-Info.plist */ = {isa = PBXFileReference; fileEncoding = 4; lastKnownFileType = text.plist.xml; name = "GoogleService-Info.plist"; path = "ToPlayList/GoogleService-Info.plist"; sourceTree = "<group>"; };
		D78EA56B1EBC8E4C00CDB70E /* BadgeVC.swift */ = {isa = PBXFileReference; fileEncoding = 4; lastKnownFileType = sourcecode.swift; path = BadgeVC.swift; sourceTree = "<group>"; };
		D795B00C1E1DB3D700776670 /* GameSection.swift */ = {isa = PBXFileReference; fileEncoding = 4; lastKnownFileType = sourcecode.swift; path = GameSection.swift; sourceTree = "<group>"; };
		D795B00F1E1DBA5700776670 /* Dates.swift */ = {isa = PBXFileReference; fileEncoding = 4; lastKnownFileType = sourcecode.swift; path = Dates.swift; sourceTree = "<group>"; };
		D7975D071E586255003B64E6 /* ErrorHandlerDelegate.swift */ = {isa = PBXFileReference; fileEncoding = 4; lastKnownFileType = sourcecode.swift; path = ErrorHandlerDelegate.swift; sourceTree = "<group>"; };
		D79C10ED1F23712C007A235B /* UpcomingReleases.swift */ = {isa = PBXFileReference; fileEncoding = 4; lastKnownFileType = sourcecode.swift; path = UpcomingReleases.swift; sourceTree = "<group>"; };
		D7A0E6FC1E7BDDCD00A70989 /* ToPlayListCell.swift */ = {isa = PBXFileReference; fileEncoding = 4; lastKnownFileType = sourcecode.swift; path = ToPlayListCell.swift; sourceTree = "<group>"; };
		D7A0E6FE1E7BDDDC00A70989 /* PlayedListCell.swift */ = {isa = PBXFileReference; fileEncoding = 4; lastKnownFileType = sourcecode.swift; path = PlayedListCell.swift; sourceTree = "<group>"; };
		D7A0E7001E7BE82800A70989 /* OnPanDelegate.swift */ = {isa = PBXFileReference; fileEncoding = 4; lastKnownFileType = sourcecode.swift; path = OnPanDelegate.swift; sourceTree = "<group>"; };
		D7A0E7021E7BEA8A00A70989 /* SubListVC.swift */ = {isa = PBXFileReference; fileEncoding = 4; lastKnownFileType = sourcecode.swift; path = SubListVC.swift; sourceTree = "<group>"; };
		D7A6F04D1E65CD2900ED66E5 /* LoadingAnimationDelegate.swift */ = {isa = PBXFileReference; fileEncoding = 4; lastKnownFileType = sourcecode.swift; path = LoadingAnimationDelegate.swift; sourceTree = "<group>"; };
		D7B8C86A1E2D16C700656E64 /* ErrorMessage.swift */ = {isa = PBXFileReference; fileEncoding = 4; lastKnownFileType = sourcecode.swift; path = ErrorMessage.swift; sourceTree = "<group>"; };
		D7B8C86C1E2D16F100656E64 /* ErrorMessage.xib */ = {isa = PBXFileReference; fileEncoding = 4; lastKnownFileType = file.xib; path = ErrorMessage.xib; sourceTree = "<group>"; };
		D7BC469A1F2CB085007F05DB /* SearchIconVC.swift */ = {isa = PBXFileReference; fileEncoding = 4; lastKnownFileType = sourcecode.swift; path = SearchIconVC.swift; sourceTree = "<group>"; };
		D7C0F9461F26148B00556AA8 /* ToPlayListNotificationSystem.swift */ = {isa = PBXFileReference; fileEncoding = 4; lastKnownFileType = sourcecode.swift; path = ToPlayListNotificationSystem.swift; sourceTree = "<group>"; };
		D7C0F9481F2A285100556AA8 /* OutTodayBadge.swift */ = {isa = PBXFileReference; fileEncoding = 4; lastKnownFileType = sourcecode.swift; path = OutTodayBadge.swift; sourceTree = "<group>"; };
		D7C3A16F1E0DA2DF0091279C /* GameProperties.swift */ = {isa = PBXFileReference; fileEncoding = 4; lastKnownFileType = sourcecode.swift; path = GameProperties.swift; sourceTree = "<group>"; };
		D7C3A1711E0DD9120091279C /* Assets.xcassets */ = {isa = PBXFileReference; lastKnownFileType = folder.assetcatalog; path = Assets.xcassets; sourceTree = "<group>"; };
		D7CC7D0D1E3913E60027BE6F /* RegisterLoginVC.swift */ = {isa = PBXFileReference; fileEncoding = 4; lastKnownFileType = sourcecode.swift; path = RegisterLoginVC.swift; sourceTree = "<group>"; };
		D7D0BCBE1F1B63FC00C2B071 /* ReleaseDate.swift */ = {isa = PBXFileReference; fileEncoding = 4; lastKnownFileType = sourcecode.swift; path = ReleaseDate.swift; sourceTree = "<group>"; };
		D7D0BCC01F1B8AF000C2B071 /* ReleaseDateVC.swift */ = {isa = PBXFileReference; fileEncoding = 4; lastKnownFileType = sourcecode.swift; path = ReleaseDateVC.swift; sourceTree = "<group>"; };
		D7D0BCC21F1B8CF900C2B071 /* ReleaseDateCell.swift */ = {isa = PBXFileReference; fileEncoding = 4; lastKnownFileType = sourcecode.swift; path = ReleaseDateCell.swift; sourceTree = "<group>"; };
		D7D0BCC41F1F880800C2B071 /* RecentSearchesVC.swift */ = {isa = PBXFileReference; fileEncoding = 4; lastKnownFileType = sourcecode.swift; path = RecentSearchesVC.swift; sourceTree = "<group>"; };
		D7DA82D11E93C6C500F9205E /* DetailsImages.swift */ = {isa = PBXFileReference; fileEncoding = 4; lastKnownFileType = sourcecode.swift; path = DetailsImages.swift; sourceTree = "<group>"; };
		D7DA82D31E93CAB200F9205E /* Blurred.swift */ = {isa = PBXFileReference; fileEncoding = 4; lastKnownFileType = sourcecode.swift; path = Blurred.swift; sourceTree = "<group>"; };
		D7DE4F271F20F85C00095863 /* Info.plist */ = {isa = PBXFileReference; lastKnownFileType = text.plist.xml; path = Info.plist; sourceTree = "<group>"; };
		D7E1AEEA1EC1CECF00661D67 /* DidSetSizeDelegates.swift */ = {isa = PBXFileReference; fileEncoding = 4; lastKnownFileType = sourcecode.swift; path = DidSetSizeDelegates.swift; sourceTree = "<group>"; };
		D7E1D63A1E37A162000F343A /* EndPoints.swift */ = {isa = PBXFileReference; fileEncoding = 4; lastKnownFileType = sourcecode.swift; path = EndPoints.swift; sourceTree = "<group>"; };
		D7E212491E99389000D7F455 /* ReadMoreLabel.swift */ = {isa = PBXFileReference; fileEncoding = 4; lastKnownFileType = sourcecode.swift; path = ReadMoreLabel.swift; sourceTree = "<group>"; };
		D7E5AA871E2AD51A00EA1456 /* TextFieldMargin.swift */ = {isa = PBXFileReference; fileEncoding = 4; lastKnownFileType = sourcecode.swift; path = TextFieldMargin.swift; sourceTree = "<group>"; };
		D7E5AA891E2AD60300EA1456 /* CustomClearButton.swift */ = {isa = PBXFileReference; fileEncoding = 4; lastKnownFileType = sourcecode.swift; path = CustomClearButton.swift; sourceTree = "<group>"; };
		D7EABAB61F384EF60009C5EA /* UserNotVerifiedVC.swift */ = {isa = PBXFileReference; fileEncoding = 4; lastKnownFileType = sourcecode.swift; path = UserNotVerifiedVC.swift; sourceTree = "<group>"; };
		D7EF927E1F43371100485FC4 /* NavigationControllerWithCustomBackGestureDelegate.swift */ = {isa = PBXFileReference; fileEncoding = 4; lastKnownFileType = sourcecode.swift; path = NavigationControllerWithCustomBackGestureDelegate.swift; sourceTree = "<group>"; };
		D7F131941E2BE242004D1704 /* IdentifiableVC.swift */ = {isa = PBXFileReference; fileEncoding = 4; lastKnownFileType = sourcecode.swift; path = IdentifiableVC.swift; sourceTree = "<group>"; };
		D7F1B4C81E8A93A4006F3FA1 /* RegisterLoginHelper.swift */ = {isa = PBXFileReference; fileEncoding = 4; lastKnownFileType = sourcecode.swift; path = RegisterLoginHelper.swift; sourceTree = "<group>"; };
		D7F1B4CA1E8A93B4006F3FA1 /* Login.swift */ = {isa = PBXFileReference; fileEncoding = 4; lastKnownFileType = sourcecode.swift; path = Login.swift; sourceTree = "<group>"; };
		D7FADEF41EC09D4B0006B4E4 /* BadgeCell.swift */ = {isa = PBXFileReference; fileEncoding = 4; lastKnownFileType = sourcecode.swift; path = BadgeCell.swift; sourceTree = "<group>"; };
		D7FDC0981E34CCF8005FB1CF /* Alerts.swift */ = {isa = PBXFileReference; fileEncoding = 4; lastKnownFileType = sourcecode.swift; path = Alerts.swift; sourceTree = "<group>"; };
		D7FE54EE1F20CBA700F2E566 /* ReleasesVC.swift */ = {isa = PBXFileReference; fileEncoding = 4; lastKnownFileType = sourcecode.swift; path = ReleasesVC.swift; sourceTree = "<group>"; };
/* End PBXFileReference section */

/* Begin PBXFrameworksBuildPhase section */
		D70DC3191E8048DA0080DBAA /* Frameworks */ = {
			isa = PBXFrameworksBuildPhase;
			buildActionMask = 2147483647;
			files = (
			);
			runOnlyForDeploymentPostprocessing = 0;
		};
		D726BC7F1E0ABDD800D6C9CD /* Frameworks */ = {
			isa = PBXFrameworksBuildPhase;
			buildActionMask = 2147483647;
			files = (
				2ECC62947C6D486DCF1C22BF /* Pods_ToPlayList.framework in Frameworks */,
			);
			runOnlyForDeploymentPostprocessing = 0;
		};
		D75A41101E241FC600E91514 /* Frameworks */ = {
			isa = PBXFrameworksBuildPhase;
			buildActionMask = 2147483647;
			files = (
				776B411A9B30AAD0B34C82CC /* Pods_ToPlayListUnitTests.framework in Frameworks */,
			);
			runOnlyForDeploymentPostprocessing = 0;
		};
/* End PBXFrameworksBuildPhase section */

/* Begin PBXGroup section */
		00E3E8F83C387F448F3273F1 /* Frameworks */ = {
			isa = PBXGroup;
			children = (
				CE1015AB877BDCDC510C82BC /* Pods_ToPlayList.framework */,
				1DA6F271D10ACDF634516C75 /* Pods_ToPlayListUnitTests.framework */,
			);
			name = Frameworks;
			sourceTree = "<group>";
		};
		88AB9CF0B9740338B2E51829 /* Pods */ = {
			isa = PBXGroup;
			children = (
				3B9447719F1960C6A0B1D4F2 /* Pods-ToPlayList.debug.xcconfig */,
				705E9608BAAFE73EB2D2C1A0 /* Pods-ToPlayList.release.xcconfig */,
				B84B20D64D553B9B36723B6B /* Pods-ToPlayList-ToPlayListUnitTests.debug.xcconfig */,
				6145022A2978B0561A8DA46B /* Pods-ToPlayList-ToPlayListUnitTests.release.xcconfig */,
				56AD1F62056EF3A7842609AC /* Pods-ToPlayListUnitTests.debug.xcconfig */,
				BC37B2FC211DCF9DE8B1AAC2 /* Pods-ToPlayListUnitTests.release.xcconfig */,
			);
			name = Pods;
			sourceTree = "<group>";
		};
		D70900981EC5B7DB00A316BE /* Search */ = {
			isa = PBXGroup;
			children = (
				D70900991EC5B80600A316BE /* SearchVC.swift */,
				D7D0BCC41F1F880800C2B071 /* RecentSearchesVC.swift */,
				D7BC469A1F2CB085007F05DB /* SearchIconVC.swift */,
			);
			name = Search;
			sourceTree = "<group>";
		};
		D709009B1EC5B87000A316BE /* Search */ = {
			isa = PBXGroup;
			children = (
				D709009C1EC5B89D00A316BE /* SearchCell.swift */,
			);
			name = Search;
			sourceTree = "<group>";
		};
		D70B03211E0C1F8300F67E7A /* Networking */ = {
			isa = PBXGroup;
			children = (
				D78ADCA41E3750CA008DE943 /* Lists */,
				D78ADCA31E3750BD008DE943 /* IGDB */,
			);
			name = Networking;
			sourceTree = "<group>";
		};
		D70DC31D1E8048DA0080DBAA /* ToPlayListUITests */ = {
			isa = PBXGroup;
			children = (
				D70DC31E1E8048DA0080DBAA /* Lists.swift */,
				D70DC3201E8048DA0080DBAA /* Info.plist */,
			);
			path = ToPlayListUITests;
			sourceTree = "<group>";
		};
		D71981231E26F206005823C2 /* Protocols */ = {
			isa = PBXGroup;
			children = (
				D7F131941E2BE242004D1704 /* IdentifiableVC.swift */,
				D7898E7A1E131992008B7647 /* ReusableView.swift */,
				D76606FC1E13123400D5979C /* RoundedCorners.swift */,
				D71981251E26F253005823C2 /* Bordered.swift */,
				D71981291E26F7AC005823C2 /* ColoredPlaceholderText.swift */,
				D7E5AA871E2AD51A00EA1456 /* TextFieldMargin.swift */,
				D7E5AA891E2AD60300EA1456 /* CustomClearButton.swift */,
				D75F4EA11E643A9E00CB2875 /* DropShadowed.swift */,
				D7DA82D31E93CAB200F9205E /* Blurred.swift */,
				D7875F531E982F7E003C51ED /* Gradiented.swift */,
			);
			name = Protocols;
			sourceTree = "<group>";
		};
		D71981241E26F21A005823C2 /* Nibs */ = {
			isa = PBXGroup;
			children = (
				D726BC8E1E0ABDD800D6C9CD /* LaunchScreen.storyboard */,
				D726BC891E0ABDD800D6C9CD /* Main.storyboard */,
				D76437E31E1E506D00B09C7E /* HeaderView.xib */,
				D7B8C86C1E2D16F100656E64 /* ErrorMessage.xib */,
			);
			name = Nibs;
			sourceTree = "<group>";
		};
		D726BC791E0ABDD800D6C9CD = {
			isa = PBXGroup;
			children = (
				D78D87C81F20D51500C28C4E /* GoogleService-Info.plist */,
				D726BC841E0ABDD800D6C9CD /* ToPlayList */,
				D75A41141E241FC600E91514 /* ToPlayListUnitTests */,
				D70DC31D1E8048DA0080DBAA /* ToPlayListUITests */,
				D726BC831E0ABDD800D6C9CD /* Products */,
				88AB9CF0B9740338B2E51829 /* Pods */,
				00E3E8F83C387F448F3273F1 /* Frameworks */,
			);
			sourceTree = "<group>";
		};
		D726BC831E0ABDD800D6C9CD /* Products */ = {
			isa = PBXGroup;
			children = (
				D726BC821E0ABDD800D6C9CD /* ToPlayList.app */,
				D75A41131E241FC600E91514 /* ToPlayListUnitTests.xctest */,
				D70DC31C1E8048DA0080DBAA /* ToPlayListUITests.xctest */,
			);
			name = Products;
			sourceTree = "<group>";
		};
		D726BC841E0ABDD800D6C9CD /* ToPlayList */ = {
			isa = PBXGroup;
			children = (
				D795B00E1E1DBA4800776670 /* Utilities */,
				D7C3A1751E0EC2FF0091279C /* Resources */,
				D726BC991E0AC12200D6C9CD /* Model */,
				D726BC981E0AC11B00D6C9CD /* View */,
				D726BC971E0AC05B00D6C9CD /* Controller */,
			);
			path = ToPlayList;
			sourceTree = "<group>";
		};
		D726BC971E0AC05B00D6C9CD /* Controller */ = {
			isa = PBXGroup;
			children = (
				D70900981EC5B7DB00A316BE /* Search */,
				D7FADEFC1EC09F0D0006B4E4 /* RegisterLogin */,
				D7FADEFA1EC09EE80006B4E4 /* Releases */,
				D7FADEFB1EC09EFD0006B4E4 /* Details */,
				D7FADEFD1EC09F2F0006B4E4 /* Lists */,
				D75150271E34BB9F00EDA802 /* MainTabVC.swift */,
				D7EF927E1F43371100485FC4 /* NavigationControllerWithCustomBackGestureDelegate.swift */,
				D71981141E264D31005823C2 /* ListLoginNavigationVC.swift */,
			);
			name = Controller;
			sourceTree = "<group>";
		};
		D726BC981E0AC11B00D6C9CD /* View */ = {
			isa = PBXGroup;
			children = (
				D71981241E26F21A005823C2 /* Nibs */,
				D71981231E26F206005823C2 /* Protocols */,
				D709009B1EC5B87000A316BE /* Search */,
				D7FADEF81EC09E9C0006B4E4 /* RegisterLogin */,
				D7FADEF61EC09E6C0006B4E4 /* Releases */,
				D7FADEF71EC09E880006B4E4 /* Details */,
				D7FADEF91EC09EB70006B4E4 /* Lists */,
				D76437E21E1E506D00B09C7E /* HeaderView.swift */,
			);
			name = View;
			sourceTree = "<group>";
		};
		D726BC991E0AC12200D6C9CD /* Model */ = {
			isa = PBXGroup;
			children = (
				D70B03211E0C1F8300F67E7A /* Networking */,
				D726BC9C1E0ACF3900D6C9CD /* Game.swift */,
				D7C3A16F1E0DA2DF0091279C /* GameProperties.swift */,
				D78C0E281E1465440088560F /* Identifiable.swift */,
				D726D51A1E5A45870045AE8C /* List.swift */,
				D7D0BCBE1F1B63FC00C2B071 /* ReleaseDate.swift */,
			);
			name = Model;
			sourceTree = "<group>";
		};
		D75A41141E241FC600E91514 /* ToPlayListUnitTests */ = {
			isa = PBXGroup;
			children = (
				D7DE4F271F20F85C00095863 /* Info.plist */,
				D70F727C1F2375A400E14A2C /* NewestReleases.swift */,
				D79C10ED1F23712C007A235B /* UpcomingReleases.swift */,
				D70DC3161E803E430080DBAA /* Register.swift */,
				D7F1B4C81E8A93A4006F3FA1 /* RegisterLoginHelper.swift */,
				D7F1B4CA1E8A93B4006F3FA1 /* Login.swift */,
				D70560591F33473700AD64CF /* Lists.swift */,
			);
			path = ToPlayListUnitTests;
			sourceTree = "<group>";
		};
		D78ADCA31E3750BD008DE943 /* IGDB */ = {
			isa = PBXGroup;
			children = (
				D760344E1F17A5B600D71240 /* IGDBKeys.swift */,
				D70B03221E0C1F9500F67E7A /* IGDB.swift */,
				D72D4CA51E1479EC0070E013 /* IGDBJSON.swift */,
				D76B47FC1E197CCD00D18DDF /* GameIDs.swift */,
			);
			name = IGDB;
			sourceTree = "<group>";
		};
		D78ADCA41E3750CA008DE943 /* Lists */ = {
			isa = PBXGroup;
			children = (
				D7E1D63A1E37A162000F343A /* EndPoints.swift */,
				D78ADCA51E3750EB008DE943 /* Lists.swift */,
				D71449D51E81214900C6A96D /* Services.swift */,
			);
			name = Lists;
			sourceTree = "<group>";
		};
		D795B00E1E1DBA4800776670 /* Utilities */ = {
			isa = PBXGroup;
			children = (
				D795B00F1E1DBA5700776670 /* Dates.swift */,
				D7FDC0981E34CCF8005FB1CF /* Alerts.swift */,
				D7975D071E586255003B64E6 /* ErrorHandlerDelegate.swift */,
				D7A6F04D1E65CD2900ED66E5 /* LoadingAnimationDelegate.swift */,
				D7A0E7001E7BE82800A70989 /* OnPanDelegate.swift */,
				D727AFE31E9B7ACF00E1C93F /* ToPlayAndPlayedListListeners.swift */,
				D7E1AEEA1EC1CECF00661D67 /* DidSetSizeDelegates.swift */,
			);
			name = Utilities;
			sourceTree = "<group>";
		};
		D7C3A1751E0EC2FF0091279C /* Resources */ = {
			isa = PBXGroup;
			children = (
				D76437E01E1E4E7300B09C7E /* slkscr.ttf */,
				D7C3A1711E0DD9120091279C /* Assets.xcassets */,
				D726BC851E0ABDD800D6C9CD /* AppDelegate.swift */,
				D726BC911E0ABDD800D6C9CD /* Info.plist */,
			);
			name = Resources;
			sourceTree = "<group>";
		};
		D7FADEF61EC09E6C0006B4E4 /* Releases */ = {
			isa = PBXGroup;
			children = (
				D78D87C51F20D2CA00C28C4E /* ReleasesCell.swift */,
				D71981211E26F1D3005823C2 /* ListImageView.swift */,
				D7C0F9481F2A285100556AA8 /* OutTodayBadge.swift */,
			);
			name = Releases;
			sourceTree = "<group>";
		};
		D7FADEF71EC09E880006B4E4 /* Details */ = {
			isa = PBXGroup;
			children = (
				D7DA82D11E93C6C500F9205E /* DetailsImages.swift */,
				D72676541EB50E7C004DC2E1 /* BadgeLabel.swift */,
				D7FADEF41EC09D4B0006B4E4 /* BadgeCell.swift */,
				D7E212491E99389000D7F455 /* ReadMoreLabel.swift */,
				D77F504D1ED6191000B40D0C /* ImageCarouselCell.swift */,
				D7D0BCC21F1B8CF900C2B071 /* ReleaseDateCell.swift */,
			);
			name = Details;
			sourceTree = "<group>";
		};
		D7FADEF81EC09E9C0006B4E4 /* RegisterLogin */ = {
			isa = PBXGroup;
			children = (
				D719812B1E26F89A005823C2 /* LoginScene.swift */,
				D7B8C86A1E2D16C700656E64 /* ErrorMessage.swift */,
			);
			name = RegisterLogin;
			sourceTree = "<group>";
		};
		D7FADEF91EC09EB70006B4E4 /* Lists */ = {
			isa = PBXGroup;
			children = (
				D78B86721E38BC6200F1EA7C /* ListCollectionViewCell.swift */,
				D7A0E6FC1E7BDDCD00A70989 /* ToPlayListCell.swift */,
				D7A0E6FE1E7BDDDC00A70989 /* PlayedListCell.swift */,
			);
			name = Lists;
			sourceTree = "<group>";
		};
		D7FADEFA1EC09EE80006B4E4 /* Releases */ = {
			isa = PBXGroup;
			children = (
				D7FE54EE1F20CBA700F2E566 /* ReleasesVC.swift */,
				D726BC871E0ABDD800D6C9CD /* NewestReleasesVC.swift */,
				D71981161E26A2A5005823C2 /* UpcomingReleasesVC.swift */,
				D795B00C1E1DB3D700776670 /* GameSection.swift */,
			);
			name = Releases;
			sourceTree = "<group>";
		};
		D7FADEFB1EC09EFD0006B4E4 /* Details */ = {
			isa = PBXGroup;
			children = (
				D71E51561E257BF100C7F920 /* GameDetailsVC.swift */,
				D78EA56B1EBC8E4C00CDB70E /* BadgeVC.swift */,
				D77F504A1ED6186D00B40D0C /* ImageCarouselVC.swift */,
				D7D0BCC01F1B8AF000C2B071 /* ReleaseDateVC.swift */,
			);
			name = Details;
			sourceTree = "<group>";
		};
		D7FADEFC1EC09F0D0006B4E4 /* RegisterLogin */ = {
			isa = PBXGroup;
			children = (
				D7CC7D0D1E3913E60027BE6F /* RegisterLoginVC.swift */,
				D74AC7D91E3919B700C37A90 /* RegisterVC.swift */,
				D71981181E26A337005823C2 /* LoginVC.swift */,
				D722B5431F34701B00B364F8 /* ForgotPasswordVC.swift */,
			);
			name = RegisterLogin;
			sourceTree = "<group>";
		};
		D7FADEFD1EC09F2F0006B4E4 /* Lists */ = {
			isa = PBXGroup;
			children = (
				D7EABAB61F384EF60009C5EA /* UserNotVerifiedVC.swift */,
				D719811A1E26A389005823C2 /* ListVC.swift */,
				D7A0E7021E7BEA8A00A70989 /* SubListVC.swift */,
				D72E66B61E619D0800BED388 /* ToPlayListVC.swift */,
				D72E66B91E619D2100BED388 /* PlayedListVC.swift */,
				D7C0F9461F26148B00556AA8 /* ToPlayListNotificationSystem.swift */,
			);
			name = Lists;
			sourceTree = "<group>";
		};
/* End PBXGroup section */

/* Begin PBXNativeTarget section */
		D70DC31B1E8048DA0080DBAA /* ToPlayListUITests */ = {
			isa = PBXNativeTarget;
			buildConfigurationList = D70DC3231E8048DA0080DBAA /* Build configuration list for PBXNativeTarget "ToPlayListUITests" */;
			buildPhases = (
				D70DC3181E8048DA0080DBAA /* Sources */,
				D70DC3191E8048DA0080DBAA /* Frameworks */,
				D70DC31A1E8048DA0080DBAA /* Resources */,
			);
			buildRules = (
			);
			dependencies = (
				D70DC3221E8048DA0080DBAA /* PBXTargetDependency */,
			);
			name = ToPlayListUITests;
			productName = ToPlayListUITests;
			productReference = D70DC31C1E8048DA0080DBAA /* ToPlayListUITests.xctest */;
			productType = "com.apple.product-type.bundle.ui-testing";
		};
		D726BC811E0ABDD800D6C9CD /* ToPlayList */ = {
			isa = PBXNativeTarget;
			buildConfigurationList = D726BC941E0ABDD800D6C9CD /* Build configuration list for PBXNativeTarget "ToPlayList" */;
			buildPhases = (
				D1C0D0D737DC4CE894B4BFF3 /* [CP] Check Pods Manifest.lock */,
				D726BC7E1E0ABDD800D6C9CD /* Sources */,
				D726BC7F1E0ABDD800D6C9CD /* Frameworks */,
				D726BC801E0ABDD800D6C9CD /* Resources */,
				344F677DE1972C63CE02C9CE /* [CP] Embed Pods Frameworks */,
				9A699F2DA6B8B7366A894631 /* [CP] Copy Pods Resources */,
			);
			buildRules = (
			);
			dependencies = (
			);
			name = ToPlayList;
			productName = ToPlayList;
			productReference = D726BC821E0ABDD800D6C9CD /* ToPlayList.app */;
			productType = "com.apple.product-type.application";
		};
		D75A41121E241FC600E91514 /* ToPlayListUnitTests */ = {
			isa = PBXNativeTarget;
			buildConfigurationList = D75A411A1E241FC600E91514 /* Build configuration list for PBXNativeTarget "ToPlayListUnitTests" */;
			buildPhases = (
				C1EBED03BCA90ABF6936E05E /* [CP] Check Pods Manifest.lock */,
				D75A410F1E241FC600E91514 /* Sources */,
				D75A41101E241FC600E91514 /* Frameworks */,
				D75A41111E241FC600E91514 /* Resources */,
				59AE5399138026E0A349E164 /* [CP] Embed Pods Frameworks */,
				104872D722885C5C7E31B995 /* [CP] Copy Pods Resources */,
			);
			buildRules = (
			);
			dependencies = (
				D75A41191E241FC600E91514 /* PBXTargetDependency */,
			);
			name = ToPlayListUnitTests;
			productName = ToPlayListUnitTests;
			productReference = D75A41131E241FC600E91514 /* ToPlayListUnitTests.xctest */;
			productType = "com.apple.product-type.bundle.unit-test";
		};
/* End PBXNativeTarget section */

/* Begin PBXProject section */
		D726BC7A1E0ABDD800D6C9CD /* Project object */ = {
			isa = PBXProject;
			attributes = {
				LastSwiftUpdateCheck = 0820;
				LastUpgradeCheck = 0830;
				ORGANIZATIONNAME = "Máthé Levente";
				TargetAttributes = {
					D70DC31B1E8048DA0080DBAA = {
						CreatedOnToolsVersion = 8.2.1;
						DevelopmentTeam = 8Q64XKLZ2L;
						ProvisioningStyle = Automatic;
						TestTargetID = D726BC811E0ABDD800D6C9CD;
					};
					D726BC811E0ABDD800D6C9CD = {
						CreatedOnToolsVersion = 8.2.1;
						DevelopmentTeam = 8Q64XKLZ2L;
						ProvisioningStyle = Automatic;
					};
					D75A41121E241FC600E91514 = {
						CreatedOnToolsVersion = 8.2.1;
						ProvisioningStyle = Automatic;
						TestTargetID = D726BC811E0ABDD800D6C9CD;
					};
				};
			};
			buildConfigurationList = D726BC7D1E0ABDD800D6C9CD /* Build configuration list for PBXProject "ToPlayList" */;
			compatibilityVersion = "Xcode 8.0";
			developmentRegion = English;
			hasScannedForEncodings = 0;
			knownRegions = (
				en,
				Base,
			);
			mainGroup = D726BC791E0ABDD800D6C9CD;
			productRefGroup = D726BC831E0ABDD800D6C9CD /* Products */;
			projectDirPath = "";
			projectRoot = "";
			targets = (
				D726BC811E0ABDD800D6C9CD /* ToPlayList */,
				D75A41121E241FC600E91514 /* ToPlayListUnitTests */,
				D70DC31B1E8048DA0080DBAA /* ToPlayListUITests */,
			);
		};
/* End PBXProject section */

/* Begin PBXResourcesBuildPhase section */
		D70DC31A1E8048DA0080DBAA /* Resources */ = {
			isa = PBXResourcesBuildPhase;
			buildActionMask = 2147483647;
			files = (
				D72A619C1F20FBA500D9F5BA /* GoogleService-Info.plist in Resources */,
			);
			runOnlyForDeploymentPostprocessing = 0;
		};
		D726BC801E0ABDD800D6C9CD /* Resources */ = {
			isa = PBXResourcesBuildPhase;
			buildActionMask = 2147483647;
			files = (
				D76437E51E1E506D00B09C7E /* HeaderView.xib in Resources */,
				D76437E11E1E4E7300B09C7E /* slkscr.ttf in Resources */,
				D726BC901E0ABDD800D6C9CD /* LaunchScreen.storyboard in Resources */,
				D7C3A1721E0DD9120091279C /* Assets.xcassets in Resources */,
				D7B8C86D1E2D16F100656E64 /* ErrorMessage.xib in Resources */,
				D726BC8B1E0ABDD800D6C9CD /* Main.storyboard in Resources */,
				D78D87C91F20D51500C28C4E /* GoogleService-Info.plist in Resources */,
			);
			runOnlyForDeploymentPostprocessing = 0;
		};
		D75A41111E241FC600E91514 /* Resources */ = {
			isa = PBXResourcesBuildPhase;
			buildActionMask = 2147483647;
			files = (
				D72A619B1F20FBA400D9F5BA /* GoogleService-Info.plist in Resources */,
			);
			runOnlyForDeploymentPostprocessing = 0;
		};
/* End PBXResourcesBuildPhase section */

/* Begin PBXShellScriptBuildPhase section */
		104872D722885C5C7E31B995 /* [CP] Copy Pods Resources */ = {
			isa = PBXShellScriptBuildPhase;
			buildActionMask = 2147483647;
			files = (
			);
			inputPaths = (
			);
			name = "[CP] Copy Pods Resources";
			outputPaths = (
			);
			runOnlyForDeploymentPostprocessing = 0;
			shellPath = /bin/sh;
			shellScript = "\"${SRCROOT}/Pods/Target Support Files/Pods-ToPlayListUnitTests/Pods-ToPlayListUnitTests-resources.sh\"\n";
			showEnvVarsInLog = 0;
		};
		344F677DE1972C63CE02C9CE /* [CP] Embed Pods Frameworks */ = {
			isa = PBXShellScriptBuildPhase;
			buildActionMask = 2147483647;
			files = (
			);
			inputPaths = (
				"${SRCROOT}/Pods/Target Support Files/Pods-ToPlayList/Pods-ToPlayList-frameworks.sh",
				"${BUILT_PRODUCTS_DIR}/Alamofire/Alamofire.framework",
				"${BUILT_PRODUCTS_DIR}/GTMSessionFetcher/GTMSessionFetcher.framework",
				"${BUILT_PRODUCTS_DIR}/GoogleToolboxForMac/GoogleToolboxForMac.framework",
				"${BUILT_PRODUCTS_DIR}/ImageViewer/ImageViewer.framework",
				"${BUILT_PRODUCTS_DIR}/Kingfisher/Kingfisher.framework",
				"${BUILT_PRODUCTS_DIR}/NVActivityIndicatorView/NVActivityIndicatorView.framework",
				"${BUILT_PRODUCTS_DIR}/nanopb/nanopb.framework",
			);
			name = "[CP] Embed Pods Frameworks";
			outputPaths = (
				"${TARGET_BUILD_DIR}/${FRAMEWORKS_FOLDER_PATH}/Alamofire.framework",
				"${TARGET_BUILD_DIR}/${FRAMEWORKS_FOLDER_PATH}/GTMSessionFetcher.framework",
				"${TARGET_BUILD_DIR}/${FRAMEWORKS_FOLDER_PATH}/GoogleToolboxForMac.framework",
				"${TARGET_BUILD_DIR}/${FRAMEWORKS_FOLDER_PATH}/ImageViewer.framework",
				"${TARGET_BUILD_DIR}/${FRAMEWORKS_FOLDER_PATH}/Kingfisher.framework",
				"${TARGET_BUILD_DIR}/${FRAMEWORKS_FOLDER_PATH}/NVActivityIndicatorView.framework",
				"${TARGET_BUILD_DIR}/${FRAMEWORKS_FOLDER_PATH}/nanopb.framework",
			);
			runOnlyForDeploymentPostprocessing = 0;
			shellPath = /bin/sh;
			shellScript = "\"${SRCROOT}/Pods/Target Support Files/Pods-ToPlayList/Pods-ToPlayList-frameworks.sh\"\n";
			showEnvVarsInLog = 0;
		};
		59AE5399138026E0A349E164 /* [CP] Embed Pods Frameworks */ = {
			isa = PBXShellScriptBuildPhase;
			buildActionMask = 2147483647;
			files = (
			);
			inputPaths = (
			);
			name = "[CP] Embed Pods Frameworks";
			outputPaths = (
			);
			runOnlyForDeploymentPostprocessing = 0;
			shellPath = /bin/sh;
			shellScript = "\"${SRCROOT}/Pods/Target Support Files/Pods-ToPlayListUnitTests/Pods-ToPlayListUnitTests-frameworks.sh\"\n";
			showEnvVarsInLog = 0;
		};
		9A699F2DA6B8B7366A894631 /* [CP] Copy Pods Resources */ = {
			isa = PBXShellScriptBuildPhase;
			buildActionMask = 2147483647;
			files = (
			);
			inputPaths = (
			);
			name = "[CP] Copy Pods Resources";
			outputPaths = (
			);
			runOnlyForDeploymentPostprocessing = 0;
			shellPath = /bin/sh;
			shellScript = "\"${SRCROOT}/Pods/Target Support Files/Pods-ToPlayList/Pods-ToPlayList-resources.sh\"\n";
			showEnvVarsInLog = 0;
		};
		C1EBED03BCA90ABF6936E05E /* [CP] Check Pods Manifest.lock */ = {
			isa = PBXShellScriptBuildPhase;
			buildActionMask = 2147483647;
			files = (
			);
			inputPaths = (
				"${PODS_PODFILE_DIR_PATH}/Podfile.lock",
				"${PODS_ROOT}/Manifest.lock",
			);
			name = "[CP] Check Pods Manifest.lock";
			outputPaths = (
				"$(DERIVED_FILE_DIR)/Pods-ToPlayListUnitTests-checkManifestLockResult.txt",
			);
			runOnlyForDeploymentPostprocessing = 0;
			shellPath = /bin/sh;
			shellScript = "diff \"${PODS_PODFILE_DIR_PATH}/Podfile.lock\" \"${PODS_ROOT}/Manifest.lock\" > /dev/null\nif [ $? != 0 ] ; then\n    # print error to STDERR\n    echo \"error: The sandbox is not in sync with the Podfile.lock. Run 'pod install' or update your CocoaPods installation.\" >&2\n    exit 1\nfi\n# This output is used by Xcode 'outputs' to avoid re-running this script phase.\necho \"SUCCESS\" > \"${SCRIPT_OUTPUT_FILE_0}\"\n";
			showEnvVarsInLog = 0;
		};
		D1C0D0D737DC4CE894B4BFF3 /* [CP] Check Pods Manifest.lock */ = {
			isa = PBXShellScriptBuildPhase;
			buildActionMask = 2147483647;
			files = (
			);
			inputPaths = (
				"${PODS_PODFILE_DIR_PATH}/Podfile.lock",
				"${PODS_ROOT}/Manifest.lock",
			);
			name = "[CP] Check Pods Manifest.lock";
			outputPaths = (
				"$(DERIVED_FILE_DIR)/Pods-ToPlayList-checkManifestLockResult.txt",
			);
			runOnlyForDeploymentPostprocessing = 0;
			shellPath = /bin/sh;
			shellScript = "diff \"${PODS_PODFILE_DIR_PATH}/Podfile.lock\" \"${PODS_ROOT}/Manifest.lock\" > /dev/null\nif [ $? != 0 ] ; then\n    # print error to STDERR\n    echo \"error: The sandbox is not in sync with the Podfile.lock. Run 'pod install' or update your CocoaPods installation.\" >&2\n    exit 1\nfi\n# This output is used by Xcode 'outputs' to avoid re-running this script phase.\necho \"SUCCESS\" > \"${SCRIPT_OUTPUT_FILE_0}\"\n";
			showEnvVarsInLog = 0;
		};
/* End PBXShellScriptBuildPhase section */

/* Begin PBXSourcesBuildPhase section */
		D70DC3181E8048DA0080DBAA /* Sources */ = {
			isa = PBXSourcesBuildPhase;
			buildActionMask = 2147483647;
			files = (
				D70DC31F1E8048DA0080DBAA /* Lists.swift in Sources */,
			);
			runOnlyForDeploymentPostprocessing = 0;
		};
		D726BC7E1E0ABDD800D6C9CD /* Sources */ = {
			isa = PBXSourcesBuildPhase;
			buildActionMask = 2147483647;
			files = (
				D7EF927F1F43371100485FC4 /* NavigationControllerWithCustomBackGestureDelegate.swift in Sources */,
				D78ADCA61E3750EB008DE943 /* Lists.swift in Sources */,
				D75F4EA21E643A9E00CB2875 /* DropShadowed.swift in Sources */,
				D719811B1E26A389005823C2 /* ListVC.swift in Sources */,
				D7E5AA8A1E2AD60300EA1456 /* CustomClearButton.swift in Sources */,
				D726BC881E0ABDD800D6C9CD /* NewestReleasesVC.swift in Sources */,
				D72D4CA61E1479EC0070E013 /* IGDBJSON.swift in Sources */,
				D722B5441F34701B00B364F8 /* ForgotPasswordVC.swift in Sources */,
				D7C0F9471F26148C00556AA8 /* ToPlayListNotificationSystem.swift in Sources */,
				D7C3A1701E0DA2DF0091279C /* GameProperties.swift in Sources */,
				D71981221E26F1D3005823C2 /* ListImageView.swift in Sources */,
				D7DA82D41E93CAB200F9205E /* Blurred.swift in Sources */,
				D709009A1EC5B80600A316BE /* SearchVC.swift in Sources */,
				D7A0E6FD1E7BDDCD00A70989 /* ToPlayListCell.swift in Sources */,
				D7A0E7011E7BE82800A70989 /* OnPanDelegate.swift in Sources */,
				D7A0E6FF1E7BDDDC00A70989 /* PlayedListCell.swift in Sources */,
				D7FADEF51EC09D4B0006B4E4 /* BadgeCell.swift in Sources */,
				D7E5AA881E2AD51A00EA1456 /* TextFieldMargin.swift in Sources */,
				D76437E41E1E506D00B09C7E /* HeaderView.swift in Sources */,
				D7E1D63B1E37A162000F343A /* EndPoints.swift in Sources */,
				D78C0E291E1465440088560F /* Identifiable.swift in Sources */,
				D78B86731E38BC6200F1EA7C /* ListCollectionViewCell.swift in Sources */,
				D71981261E26F253005823C2 /* Bordered.swift in Sources */,
				D7875F541E982F7E003C51ED /* Gradiented.swift in Sources */,
				D78EA56C1EBC8E4C00CDB70E /* BadgeVC.swift in Sources */,
				D7FDC0991E34CCF8005FB1CF /* Alerts.swift in Sources */,
				D7898E7B1E131992008B7647 /* ReusableView.swift in Sources */,
				D7F131951E2BE242004D1704 /* IdentifiableVC.swift in Sources */,
				D7E2124A1E99389000D7F455 /* ReadMoreLabel.swift in Sources */,
				D7D0BCC51F1F880A00C2B071 /* RecentSearchesVC.swift in Sources */,
				D71449D61E81214900C6A96D /* Services.swift in Sources */,
				D75150281E34BB9F00EDA802 /* MainTabVC.swift in Sources */,
				D71E51571E257BF100C7F920 /* GameDetailsVC.swift in Sources */,
				D795B0101E1DBA5700776670 /* Dates.swift in Sources */,
				D78D87C71F20D2CA00C28C4E /* ReleasesCell.swift in Sources */,
				D71981151E264D31005823C2 /* ListLoginNavigationVC.swift in Sources */,
				D726BC9D1E0ACF3900D6C9CD /* Game.swift in Sources */,
				D726BC861E0ABDD800D6C9CD /* AppDelegate.swift in Sources */,
				D7DA82D21E93C6C500F9205E /* DetailsImages.swift in Sources */,
				D71981191E26A337005823C2 /* LoginVC.swift in Sources */,
				D70B03231E0C1F9500F67E7A /* IGDB.swift in Sources */,
				D7D0BCC11F1B8AF000C2B071 /* ReleaseDateVC.swift in Sources */,
				D76B47FD1E197CCD00D18DDF /* GameIDs.swift in Sources */,
				D795B00D1E1DB3D700776670 /* GameSection.swift in Sources */,
				D7A6F04E1E65CD2900ED66E5 /* LoadingAnimationDelegate.swift in Sources */,
				D77F504E1ED6191000B40D0C /* ImageCarouselCell.swift in Sources */,
				D71981171E26A2A5005823C2 /* UpcomingReleasesVC.swift in Sources */,
				D719812A1E26F7AC005823C2 /* ColoredPlaceholderText.swift in Sources */,
				D7CC7D0E1E3913E60027BE6F /* RegisterLoginVC.swift in Sources */,
				D7D0BCC31F1B8CF900C2B071 /* ReleaseDateCell.swift in Sources */,
				D7B8C86B1E2D16C700656E64 /* ErrorMessage.swift in Sources */,
				D7D0BCBF1F1B63FC00C2B071 /* ReleaseDate.swift in Sources */,
				D7E1AEEB1EC1CECF00661D67 /* DidSetSizeDelegates.swift in Sources */,
				D760344F1F17A5B600D71240 /* IGDBKeys.swift in Sources */,
				D77F504B1ED6186D00B40D0C /* ImageCarouselVC.swift in Sources */,
				D7BC469B1F2CB085007F05DB /* SearchIconVC.swift in Sources */,
				D72676551EB50E7C004DC2E1 /* BadgeLabel.swift in Sources */,
				D727AFE41E9B7ACF00E1C93F /* ToPlayAndPlayedListListeners.swift in Sources */,
				D74AC7DA1E3919B700C37A90 /* RegisterVC.swift in Sources */,
				D7A0E7031E7BEA8A00A70989 /* SubListVC.swift in Sources */,
				D7FE54EF1F20CBA700F2E566 /* ReleasesVC.swift in Sources */,
				D7EABAB71F384EF60009C5EA /* UserNotVerifiedVC.swift in Sources */,
				D7C0F9491F2A285200556AA8 /* OutTodayBadge.swift in Sources */,
				D72E66BA1E619D2100BED388 /* PlayedListVC.swift in Sources */,
				D709009D1EC5B89D00A316BE /* SearchCell.swift in Sources */,
				D7975D081E586255003B64E6 /* ErrorHandlerDelegate.swift in Sources */,
				D719812C1E26F89A005823C2 /* LoginScene.swift in Sources */,
				D76606FD1E13123400D5979C /* RoundedCorners.swift in Sources */,
				D726D51B1E5A45870045AE8C /* List.swift in Sources */,
				D72E66B71E619D0800BED388 /* ToPlayListVC.swift in Sources */,
			);
			runOnlyForDeploymentPostprocessing = 0;
		};
		D75A410F1E241FC600E91514 /* Sources */ = {
			isa = PBXSourcesBuildPhase;
			buildActionMask = 2147483647;
			files = (
				D7F1B4C91E8A93A4006F3FA1 /* RegisterLoginHelper.swift in Sources */,
				D79C10EE1F23712C007A235B /* UpcomingReleases.swift in Sources */,
				D70DC3171E803E430080DBAA /* Register.swift in Sources */,
				D70F727D1F2375A400E14A2C /* NewestReleases.swift in Sources */,
				D7F1B4CB1E8A93B4006F3FA1 /* Login.swift in Sources */,
				D705605A1F33473700AD64CF /* Lists.swift in Sources */,
			);
			runOnlyForDeploymentPostprocessing = 0;
		};
/* End PBXSourcesBuildPhase section */

/* Begin PBXTargetDependency section */
		D70DC3221E8048DA0080DBAA /* PBXTargetDependency */ = {
			isa = PBXTargetDependency;
			target = D726BC811E0ABDD800D6C9CD /* ToPlayList */;
			targetProxy = D70DC3211E8048DA0080DBAA /* PBXContainerItemProxy */;
		};
		D75A41191E241FC600E91514 /* PBXTargetDependency */ = {
			isa = PBXTargetDependency;
			target = D726BC811E0ABDD800D6C9CD /* ToPlayList */;
			targetProxy = D75A41181E241FC600E91514 /* PBXContainerItemProxy */;
		};
/* End PBXTargetDependency section */

/* Begin PBXVariantGroup section */
		D726BC891E0ABDD800D6C9CD /* Main.storyboard */ = {
			isa = PBXVariantGroup;
			children = (
				D726BC8A1E0ABDD800D6C9CD /* Base */,
			);
			name = Main.storyboard;
			sourceTree = "<group>";
		};
		D726BC8E1E0ABDD800D6C9CD /* LaunchScreen.storyboard */ = {
			isa = PBXVariantGroup;
			children = (
				D726BC8F1E0ABDD800D6C9CD /* Base */,
			);
			name = LaunchScreen.storyboard;
			sourceTree = "<group>";
		};
/* End PBXVariantGroup section */

/* Begin XCBuildConfiguration section */
		D70DC3241E8048DA0080DBAA /* Debug */ = {
			isa = XCBuildConfiguration;
			buildSettings = {
				DEVELOPMENT_TEAM = 8Q64XKLZ2L;
				INFOPLIST_FILE = ToPlayListUITests/Info.plist;
				IPHONEOS_DEPLOYMENT_TARGET = 10.2;
				LD_RUNPATH_SEARCH_PATHS = "$(inherited) @executable_path/Frameworks @loader_path/Frameworks";
				PRODUCT_BUNDLE_IDENTIFIER = com.levente.mathe.ToPlayListUITests;
				PRODUCT_NAME = "$(TARGET_NAME)";
				SWIFT_VERSION = 3.0;
				TEST_TARGET_NAME = ToPlayList;
			};
			name = Debug;
		};
		D70DC3251E8048DA0080DBAA /* Release */ = {
			isa = XCBuildConfiguration;
			buildSettings = {
				DEVELOPMENT_TEAM = 8Q64XKLZ2L;
				INFOPLIST_FILE = ToPlayListUITests/Info.plist;
				IPHONEOS_DEPLOYMENT_TARGET = 10.2;
				LD_RUNPATH_SEARCH_PATHS = "$(inherited) @executable_path/Frameworks @loader_path/Frameworks";
				PRODUCT_BUNDLE_IDENTIFIER = com.levente.mathe.ToPlayListUITests;
				PRODUCT_NAME = "$(TARGET_NAME)";
				SWIFT_VERSION = 3.0;
				TEST_TARGET_NAME = ToPlayList;
			};
			name = Release;
		};
		D726BC921E0ABDD800D6C9CD /* Debug */ = {
			isa = XCBuildConfiguration;
			buildSettings = {
				ALWAYS_SEARCH_USER_PATHS = NO;
				CLANG_ANALYZER_NONNULL = YES;
				CLANG_CXX_LANGUAGE_STANDARD = "gnu++0x";
				CLANG_CXX_LIBRARY = "libc++";
				CLANG_ENABLE_MODULES = YES;
				CLANG_ENABLE_OBJC_ARC = YES;
				CLANG_WARN_BOOL_CONVERSION = YES;
				CLANG_WARN_CONSTANT_CONVERSION = YES;
				CLANG_WARN_DIRECT_OBJC_ISA_USAGE = YES_ERROR;
				CLANG_WARN_DOCUMENTATION_COMMENTS = YES;
				CLANG_WARN_EMPTY_BODY = YES;
				CLANG_WARN_ENUM_CONVERSION = YES;
				CLANG_WARN_INFINITE_RECURSION = YES;
				CLANG_WARN_INT_CONVERSION = YES;
				CLANG_WARN_OBJC_ROOT_CLASS = YES_ERROR;
				CLANG_WARN_SUSPICIOUS_MOVE = YES;
				CLANG_WARN_UNREACHABLE_CODE = YES;
				CLANG_WARN__DUPLICATE_METHOD_MATCH = YES;
				"CODE_SIGN_IDENTITY[sdk=iphoneos*]" = "iPhone Developer";
				COPY_PHASE_STRIP = NO;
				DEBUG_INFORMATION_FORMAT = dwarf;
				ENABLE_STRICT_OBJC_MSGSEND = YES;
				ENABLE_TESTABILITY = YES;
				GCC_C_LANGUAGE_STANDARD = gnu99;
				GCC_DYNAMIC_NO_PIC = NO;
				GCC_NO_COMMON_BLOCKS = YES;
				GCC_OPTIMIZATION_LEVEL = 0;
				GCC_PREPROCESSOR_DEFINITIONS = (
					"DEBUG=1",
					"$(inherited)",
				);
				GCC_WARN_64_TO_32_BIT_CONVERSION = YES;
				GCC_WARN_ABOUT_RETURN_TYPE = YES_ERROR;
				GCC_WARN_UNDECLARED_SELECTOR = YES;
				GCC_WARN_UNINITIALIZED_AUTOS = YES_AGGRESSIVE;
				GCC_WARN_UNUSED_FUNCTION = YES;
				GCC_WARN_UNUSED_VARIABLE = YES;
				IPHONEOS_DEPLOYMENT_TARGET = 10.0;
				MTL_ENABLE_DEBUG_INFO = YES;
				ONLY_ACTIVE_ARCH = YES;
				SDKROOT = iphoneos;
				SWIFT_ACTIVE_COMPILATION_CONDITIONS = DEBUG;
				SWIFT_OPTIMIZATION_LEVEL = "-Onone";
				TARGETED_DEVICE_FAMILY = "1,2";
			};
			name = Debug;
		};
		D726BC931E0ABDD800D6C9CD /* Release */ = {
			isa = XCBuildConfiguration;
			buildSettings = {
				ALWAYS_SEARCH_USER_PATHS = NO;
				CLANG_ANALYZER_NONNULL = YES;
				CLANG_CXX_LANGUAGE_STANDARD = "gnu++0x";
				CLANG_CXX_LIBRARY = "libc++";
				CLANG_ENABLE_MODULES = YES;
				CLANG_ENABLE_OBJC_ARC = YES;
				CLANG_WARN_BOOL_CONVERSION = YES;
				CLANG_WARN_CONSTANT_CONVERSION = YES;
				CLANG_WARN_DIRECT_OBJC_ISA_USAGE = YES_ERROR;
				CLANG_WARN_DOCUMENTATION_COMMENTS = YES;
				CLANG_WARN_EMPTY_BODY = YES;
				CLANG_WARN_ENUM_CONVERSION = YES;
				CLANG_WARN_INFINITE_RECURSION = YES;
				CLANG_WARN_INT_CONVERSION = YES;
				CLANG_WARN_OBJC_ROOT_CLASS = YES_ERROR;
				CLANG_WARN_SUSPICIOUS_MOVE = YES;
				CLANG_WARN_UNREACHABLE_CODE = YES;
				CLANG_WARN__DUPLICATE_METHOD_MATCH = YES;
				"CODE_SIGN_IDENTITY[sdk=iphoneos*]" = "iPhone Developer";
				COPY_PHASE_STRIP = NO;
				DEBUG_INFORMATION_FORMAT = "dwarf-with-dsym";
				ENABLE_NS_ASSERTIONS = NO;
				ENABLE_STRICT_OBJC_MSGSEND = YES;
				GCC_C_LANGUAGE_STANDARD = gnu99;
				GCC_NO_COMMON_BLOCKS = YES;
				GCC_WARN_64_TO_32_BIT_CONVERSION = YES;
				GCC_WARN_ABOUT_RETURN_TYPE = YES_ERROR;
				GCC_WARN_UNDECLARED_SELECTOR = YES;
				GCC_WARN_UNINITIALIZED_AUTOS = YES_AGGRESSIVE;
				GCC_WARN_UNUSED_FUNCTION = YES;
				GCC_WARN_UNUSED_VARIABLE = YES;
				IPHONEOS_DEPLOYMENT_TARGET = 10.0;
				MTL_ENABLE_DEBUG_INFO = NO;
				SDKROOT = iphoneos;
				SWIFT_OPTIMIZATION_LEVEL = "-Owholemodule";
				TARGETED_DEVICE_FAMILY = "1,2";
				VALIDATE_PRODUCT = YES;
			};
			name = Release;
		};
		D726BC951E0ABDD800D6C9CD /* Debug */ = {
			isa = XCBuildConfiguration;
			baseConfigurationReference = 3B9447719F1960C6A0B1D4F2 /* Pods-ToPlayList.debug.xcconfig */;
			buildSettings = {
				ALWAYS_EMBED_SWIFT_STANDARD_LIBRARIES = YES;
				ASSETCATALOG_COMPILER_APPICON_NAME = AppIcon;
				DEVELOPMENT_TEAM = 8Q64XKLZ2L;
				INFOPLIST_FILE = ToPlayList/Info.plist;
				LD_RUNPATH_SEARCH_PATHS = "$(inherited) @executable_path/Frameworks";
				PRODUCT_BUNDLE_IDENTIFIER = com.levente.mathe.ToPlayList;
				PRODUCT_NAME = "$(TARGET_NAME)";
				SWIFT_VERSION = 3.0;
			};
			name = Debug;
		};
		D726BC961E0ABDD800D6C9CD /* Release */ = {
			isa = XCBuildConfiguration;
			baseConfigurationReference = 705E9608BAAFE73EB2D2C1A0 /* Pods-ToPlayList.release.xcconfig */;
			buildSettings = {
				ALWAYS_EMBED_SWIFT_STANDARD_LIBRARIES = YES;
				ASSETCATALOG_COMPILER_APPICON_NAME = AppIcon;
				DEVELOPMENT_TEAM = 8Q64XKLZ2L;
				INFOPLIST_FILE = ToPlayList/Info.plist;
				LD_RUNPATH_SEARCH_PATHS = "$(inherited) @executable_path/Frameworks";
				PRODUCT_BUNDLE_IDENTIFIER = com.levente.mathe.ToPlayList;
				PRODUCT_NAME = "$(TARGET_NAME)";
				SWIFT_VERSION = 3.0;
			};
			name = Release;
		};
		D75A411B1E241FC600E91514 /* Debug */ = {
			isa = XCBuildConfiguration;
			baseConfigurationReference = 56AD1F62056EF3A7842609AC /* Pods-ToPlayListUnitTests.debug.xcconfig */;
			buildSettings = {
				ALWAYS_EMBED_SWIFT_STANDARD_LIBRARIES = YES;
				BUNDLE_LOADER = "$(TEST_HOST)";
				HEADER_SEARCH_PATHS = (
					"$(inherited)",
					"\"${PODS_ROOT}/Headers/Public\"",
					"\"${PODS_ROOT}/Headers/Public/Firebase\"",
					"\"${PODS_ROOT}/Headers/Public/FirebaseAnalytics\"",
					"\"${PODS_ROOT}/Headers/Public/FirebaseAuth\"",
					"\"${PODS_ROOT}/Headers/Public/FirebaseCore\"",
					"\"${PODS_ROOT}/Headers/Public/FirebaseDatabase\"",
					"\"${PODS_ROOT}/Headers/Public/FirebaseInstanceID\"",
					"\"${PODS_ROOT}/Firebase/Core/Sources\"",
				);
				INFOPLIST_FILE = ToPlayListUnitTests/Info.plist;
				LD_RUNPATH_SEARCH_PATHS = "$(inherited) @executable_path/Frameworks @loader_path/Frameworks";
				PRODUCT_BUNDLE_IDENTIFIER = com.levente.mathe.ToPlayListUnitTests;
				PRODUCT_NAME = "$(TARGET_NAME)";
				SWIFT_VERSION = 3.0;
				TEST_HOST = "$(BUILT_PRODUCTS_DIR)/ToPlayList.app/ToPlayList";
			};
			name = Debug;
		};
		D75A411C1E241FC600E91514 /* Release */ = {
			isa = XCBuildConfiguration;
			baseConfigurationReference = BC37B2FC211DCF9DE8B1AAC2 /* Pods-ToPlayListUnitTests.release.xcconfig */;
			buildSettings = {
				ALWAYS_EMBED_SWIFT_STANDARD_LIBRARIES = YES;
				BUNDLE_LOADER = "$(TEST_HOST)";
				HEADER_SEARCH_PATHS = (
					"$(inherited)",
					"\"${PODS_ROOT}/Headers/Public\"",
					"\"${PODS_ROOT}/Headers/Public/Firebase\"",
					"\"${PODS_ROOT}/Headers/Public/FirebaseAnalytics\"",
					"\"${PODS_ROOT}/Headers/Public/FirebaseAuth\"",
					"\"${PODS_ROOT}/Headers/Public/FirebaseCore\"",
					"\"${PODS_ROOT}/Headers/Public/FirebaseDatabase\"",
					"\"${PODS_ROOT}/Headers/Public/FirebaseInstanceID\"",
					"\"${PODS_ROOT}/Firebase/Core/Sources\"",
				);
				INFOPLIST_FILE = ToPlayListUnitTests/Info.plist;
				LD_RUNPATH_SEARCH_PATHS = "$(inherited) @executable_path/Frameworks @loader_path/Frameworks";
				PRODUCT_BUNDLE_IDENTIFIER = com.levente.mathe.ToPlayListUnitTests;
				PRODUCT_NAME = "$(TARGET_NAME)";
				SWIFT_VERSION = 3.0;
				TEST_HOST = "$(BUILT_PRODUCTS_DIR)/ToPlayList.app/ToPlayList";
			};
			name = Release;
		};
/* End XCBuildConfiguration section */

/* Begin XCConfigurationList section */
		D70DC3231E8048DA0080DBAA /* Build configuration list for PBXNativeTarget "ToPlayListUITests" */ = {
			isa = XCConfigurationList;
			buildConfigurations = (
				D70DC3241E8048DA0080DBAA /* Debug */,
				D70DC3251E8048DA0080DBAA /* Release */,
			);
			defaultConfigurationIsVisible = 0;
			defaultConfigurationName = Release;
		};
		D726BC7D1E0ABDD800D6C9CD /* Build configuration list for PBXProject "ToPlayList" */ = {
			isa = XCConfigurationList;
			buildConfigurations = (
				D726BC921E0ABDD800D6C9CD /* Debug */,
				D726BC931E0ABDD800D6C9CD /* Release */,
			);
			defaultConfigurationIsVisible = 0;
			defaultConfigurationName = Release;
		};
		D726BC941E0ABDD800D6C9CD /* Build configuration list for PBXNativeTarget "ToPlayList" */ = {
			isa = XCConfigurationList;
			buildConfigurations = (
				D726BC951E0ABDD800D6C9CD /* Debug */,
				D726BC961E0ABDD800D6C9CD /* Release */,
			);
			defaultConfigurationIsVisible = 0;
			defaultConfigurationName = Release;
		};
		D75A411A1E241FC600E91514 /* Build configuration list for PBXNativeTarget "ToPlayListUnitTests" */ = {
			isa = XCConfigurationList;
			buildConfigurations = (
				D75A411B1E241FC600E91514 /* Debug */,
				D75A411C1E241FC600E91514 /* Release */,
			);
			defaultConfigurationIsVisible = 0;
			defaultConfigurationName = Release;
		};
/* End XCConfigurationList section */
	};
	rootObject = D726BC7A1E0ABDD800D6C9CD /* Project object */;
}
